
Microsoft Visual Studio Solution File, Format Version 12.00
# Visual Studio Version 17
VisualStudioVersion = 17.7.34024.191
MinimumVisualStudioVersion = 10.0.40219.1
Project("{FAE04EC0-301F-11D3-BF4B-00C04F79EFBC}") = "cafeTill", "cafeTill\cafeTill.csproj", "{A06B29D5-FA9B-4F9B-833A-1BFC13AFAA70}"
EndProject
Global
	GlobalSection(SolutionConfigurationPlatforms) = preSolution
		Debug|Any CPU = Debug|Any CPU
		Release|Any CPU = Release|Any CPU
	EndGlobalSection
	GlobalSection(ProjectConfigurationPlatforms) = postSolution
		{A06B29D5-FA9B-4F9B-833A-1BFC13AFAA70}.Debug|Any CPU.ActiveCfg = Debug|Any CPU
		{A06B29D5-FA9B-4F9B-833A-1BFC13AFAA70}.Debug|Any CPU.Build.0 = Debug|Any CPU
		{A06B29D5-FA9B-4F9B-833A-1BFC13AFAA70}.Release|Any CPU.ActiveCfg = Release|Any CPU
		{A06B29D5-FA9B-4F9B-833A-1BFC13AFAA70}.Release|Any CPU.Build.0 = Release|Any CPU
	EndGlobalSection
	GlobalSection(SolutionProperties) = preSolution
		HideSolutionNode = FALSE
	EndGlobalSection
	GlobalSection(ExtensibilityGlobals) = postSolution
		SolutionGuid = {A3B5DACD-5E5B-4F68-9DC6-0B64E3DDE28D}
	EndGlobalSection
EndGlobal
