
Microsoft Visual Studio Solution File, Format Version 12.00
# Visual Studio Version 17
VisualStudioVersion = 17.7.34024.191
MinimumVisualStudioVersion = 10.0.40219.1
Project("{FAE04EC0-301F-11D3-BF4B-00C04F79EFBC}") = "BlankPrismApp1", "BlankPrismApp1.csproj", "{50CC4B83-7E17-4BCE-9256-A5F9B1809058}"
EndProject
Project("{FAE04EC0-301F-11D3-BF4B-00C04F79EFBC}") = "moduleA", "..\moduleA\moduleA.csproj", "{FAB279CF-9C98-4247-BB78-07E8DCB0054D}"
EndProject
Global
	GlobalSection(SolutionConfigurationPlatforms) = preSolution
		Debug|Any CPU = Debug|Any CPU
		Release|Any CPU = Release|Any CPU
	EndGlobalSection
	GlobalSection(ProjectConfigurationPlatforms) = postSolution
		{50CC4B83-7E17-4BCE-9256-A5F9B1809058}.Debug|Any CPU.ActiveCfg = Debug|Any CPU
		{50CC4B83-7E17-4BCE-9256-A5F9B1809058}.Debug|Any CPU.Build.0 = Debug|Any CPU
		{50CC4B83-7E17-4BCE-9256-A5F9B1809058}.Release|Any CPU.ActiveCfg = Release|Any CPU
		{50CC4B83-7E17-4BCE-9256-A5F9B1809058}.Release|Any CPU.Build.0 = Release|Any CPU
		{FAB279CF-9C98-4247-BB78-07E8DCB0054D}.Debug|Any CPU.ActiveCfg = Debug|Any CPU
		{FAB279CF-9C98-4247-BB78-07E8DCB0054D}.Debug|Any CPU.Build.0 = Debug|Any CPU
		{FAB279CF-9C98-4247-BB78-07E8DCB0054D}.Release|Any CPU.ActiveCfg = Release|Any CPU
		{FAB279CF-9C98-4247-BB78-07E8DCB0054D}.Release|Any CPU.Build.0 = Release|Any CPU
	EndGlobalSection
	GlobalSection(SolutionProperties) = preSolution
		HideSolutionNode = FALSE
	EndGlobalSection
	GlobalSection(ExtensibilityGlobals) = postSolution
		SolutionGuid = {B4DC534E-1D78-46EF-BC8B-BA5D4F006B5E}
	EndGlobalSection
EndGlobal
